// !$*UTF8*$!
{
	archiveVersion = 1;
	classes = {
	};
	objectVersion = 46;
	objects = {

/* Begin PBXBuildFile section */
		353E78571F68512E00E083FF /* main.m in Sources */ = {isa = PBXBuildFile; fileRef = 353E78561F68512E00E083FF /* main.m */; };
		353E785A1F68512E00E083FF /* AppDelegate.m in Sources */ = {isa = PBXBuildFile; fileRef = 353E78591F68512E00E083FF /* AppDelegate.m */; };
		353E785D1F68512E00E083FF /* ViewController.m in Sources */ = {isa = PBXBuildFile; fileRef = 353E785C1F68512E00E083FF /* ViewController.m */; };
		353E78601F68512E00E083FF /* Main.storyboard in Resources */ = {isa = PBXBuildFile; fileRef = 353E785E1F68512E00E083FF /* Main.storyboard */; };
		353E78621F68512E00E083FF /* Assets.xcassets in Resources */ = {isa = PBXBuildFile; fileRef = 353E78611F68512E00E083FF /* Assets.xcassets */; };
		353E78651F68512E00E083FF /* LaunchScreen.storyboard in Resources */ = {isa = PBXBuildFile; fileRef = 353E78631F68512E00E083FF /* LaunchScreen.storyboard */; };
		353E786D1F68523300E083FF /* testJsFunc.html in Resources */ = {isa = PBXBuildFile; fileRef = 353E786C1F68523300E083FF /* testJsFunc.html */; };
		353E78701F68526E00E083FF /* JavaScriptCore.framework in Frameworks */ = {isa = PBXBuildFile; fileRef = 353E786F1F68526E00E083FF /* JavaScriptCore.framework */; };
/* End PBXBuildFile section */

/* Begin PBXFileReference section */
		353E78521F68512E00E083FF /* OCInteractionJSDemo.app */ = {isa = PBXFileReference; explicitFileType = wrapper.application; includeInIndex = 0; path = OCInteractionJSDemo.app; sourceTree = BUILT_PRODUCTS_DIR; };
		353E78561F68512E00E083FF /* main.m */ = {isa = PBXFileReference; lastKnownFileType = sourcecode.c.objc; path = main.m; sourceTree = "<group>"; };
		353E78581F68512E00E083FF /* AppDelegate.h */ = {isa = PBXFileReference; lastKnownFileType = sourcecode.c.h; path = AppDelegate.h; sourceTree = "<group>"; };
		353E78591F68512E00E083FF /* AppDelegate.m */ = {isa = PBXFileReference; lastKnownFileType = sourcecode.c.objc; path = AppDelegate.m; sourceTree = "<group>"; };
		353E785B1F68512E00E083FF /* ViewController.h */ = {isa = PBXFileReference; lastKnownFileType = sourcecode.c.h; path = ViewController.h; sourceTree = "<group>"; };
		353E785C1F68512E00E083FF /* ViewController.m */ = {isa = PBXFileReference; lastKnownFileType = sourcecode.c.objc; path = ViewController.m; sourceTree = "<group>"; };
		353E785F1F68512E00E083FF /* Base */ = {isa = PBXFileReference; lastKnownFileType = file.storyboard; name = Base; path = Base.lproj/Main.storyboard; sourceTree = "<group>"; };
		353E78611F68512E00E083FF /* Assets.xcassets */ = {isa = PBXFileReference; lastKnownFileType = folder.assetcatalog; path = Assets.xcassets; sourceTree = "<group>"; };
		353E78641F68512E00E083FF /* Base */ = {isa = PBXFileReference; lastKnownFileType = file.storyboard; name = Base; path = Base.lproj/LaunchScreen.storyboard; sourceTree = "<group>"; };
		353E78661F68512E00E083FF /* Info.plist */ = {isa = PBXFileReference; lastKnownFileType = text.plist.xml; path = Info.plist; sourceTree = "<group>"; };
		353E786C1F68523300E083FF /* testJsFunc.html */ = {isa = PBXFileReference; fileEncoding = 4; lastKnownFileType = text.html; path = testJsFunc.html; sourceTree = "<group>"; };
		353E786F1F68526E00E083FF /* JavaScriptCore.framework */ = {isa = PBXFileReference; lastKnownFileType = wrapper.framework; name = JavaScriptCore.framework; path = System/Library/Frameworks/JavaScriptCore.framework; sourceTree = SDKROOT; };
/* End PBXFileReference section */

/* Begin PBXFrameworksBuildPhase section */
		353E784F1F68512E00E083FF /* Frameworks */ = {
			isa = PBXFrameworksBuildPhase;
			buildActionMask = 2147483647;
			files = (
				353E78701F68526E00E083FF /* JavaScriptCore.framework in Frameworks */,
			);
			runOnlyForDeploymentPostprocessing = 0;
		};
/* End PBXFrameworksBuildPhase section */

/* Begin PBXGroup section */
		353E78491F68512E00E083FF = {
			isa = PBXGroup;
			children = (
				353E78541F68512E00E083FF /* OCInteractionJSDemo */,
				353E78531F68512E00E083FF /* Products */,
				353E786E1F68526E00E083FF /* Frameworks */,
			);
			sourceTree = "<group>";
		};
		353E78531F68512E00E083FF /* Products */ = {
			isa = PBXGroup;
			children = (
				353E78521F68512E00E083FF /* OCInteractionJSDemo.app */,
			);
			name = Products;
			sourceTree = "<group>";
		};
		353E78541F68512E00E083FF /* OCInteractionJSDemo */ = {
			isa = PBXGroup;
			children = (
				353E78581F68512E00E083FF /* AppDelegate.h */,
				353E78591F68512E00E083FF /* AppDelegate.m */,
				353E785B1F68512E00E083FF /* ViewController.h */,
				353E785C1F68512E00E083FF /* ViewController.m */,
				353E786C1F68523300E083FF /* testJsFunc.html */,
				353E785E1F68512E00E083FF /* Main.storyboard */,
				353E78611F68512E00E083FF /* Assets.xcassets */,
				353E78631F68512E00E083FF /* LaunchScreen.storyboard */,
				353E78661F68512E00E083FF /* Info.plist */,
				353E78551F68512E00E083FF /* Supporting Files */,
			);
			path = OCInteractionJSDemo;
			sourceTree = "<group>";
		};
		353E78551F68512E00E083FF /* Supporting Files */ = {
			isa = PBXGroup;
			children = (
				353E78561F68512E00E083FF /* main.m */,
			);
			name = "Supporting Files";
			sourceTree = "<group>";
		};
		353E786E1F68526E00E083FF /* Frameworks */ = {
			isa = PBXGroup;
			children = (
				353E786F1F68526E00E083FF /* JavaScriptCore.framework */,
			);
			name = Frameworks;
			sourceTree = "<group>";
		};
/* End PBXGroup section */

/* Begin PBXNativeTarget section */
		353E78511F68512E00E083FF /* OCInteractionJSDemo */ = {
			isa = PBXNativeTarget;
			buildConfigurationList = 353E78691F68512E00E083FF /* Build configuration list for PBXNativeTarget "OCInteractionJSDemo" */;
			buildPhases = (
				353E784E1F68512E00E083FF /* Sources */,
				353E784F1F68512E00E083FF /* Frameworks */,
				353E78501F68512E00E083FF /* Resources */,
			);
			buildRules = (
			);
			dependencies = (
			);
			name = OCInteractionJSDemo;
			productName = OCInteractionJSDemo;
			productReference = 353E78521F68512E00E083FF /* OCInteractionJSDemo.app */;
			productType = "com.apple.product-type.application";
		};
/* End PBXNativeTarget section */

/* Begin PBXProject section */
		353E784A1F68512E00E083FF /* Project object */ = {
			isa = PBXProject;
			attributes = {
				LastUpgradeCheck = 0830;
				ORGANIZATIONNAME = cattsoft;
				TargetAttributes = {
					353E78511F68512E00E083FF = {
						CreatedOnToolsVersion = 8.3.1;
						DevelopmentTeam = XU7RZ44HV2;
						ProvisioningStyle = Automatic;
					};
				};
			};
			buildConfigurationList = 353E784D1F68512E00E083FF /* Build configuration list for PBXProject "OCInteractionJSDemo" */;
			compatibilityVersion = "Xcode 3.2";
			developmentRegion = English;
			hasScannedForEncodings = 0;
			knownRegions = (
				en,
				Base,
			);
			mainGroup = 353E78491F68512E00E083FF;
			productRefGroup = 353E78531F68512E00E083FF /* Products */;
			projectDirPath = "";
			projectRoot = "";
			targets = (
				353E78511F68512E00E083FF /* OCInteractionJSDemo */,
			);
		};
/* End PBXProject section */

/* Begin PBXResourcesBuildPhase section */
		353E78501F68512E00E083FF /* Resources */ = {
			isa = PBXResourcesBuildPhase;
			buildActionMask = 2147483647;
			files = (
				353E78651F68512E00E083FF /* LaunchScreen.storyboard in Resources */,
				353E78621F68512E00E083FF /* Assets.xcassets in Resources */,
				353E78601F68512E00E083FF /* Main.storyboard in Resources */,
				353E786D1F68523300E083FF /* testJsFunc.html in Resources */,
			);
			runOnlyForDeploymentPostprocessing = 0;
		};
/* End PBXResourcesBuildPhase section */

/* Begin PBXSourcesBuildPhase section */
		353E784E1F68512E00E083FF /* Sources */ = {
			isa = PBXSourcesBuildPhase;
			buildActionMask = 2147483647;
			files = (
				353E785D1F68512E00E083FF /* ViewController.m in Sources */,
				353E785A1F68512E00E083FF /* AppDelegate.m in Sources */,
				353E78571F68512E00E083FF /* main.m in Sources */,
			);
			runOnlyForDeploymentPostprocessing = 0;
		};
/* End PBXSourcesBuildPhase section */

/* Begin PBXVariantGroup section */
		353E785E1F68512E00E083FF /* Main.storyboard */ = {
			isa = PBXVariantGroup;
			children = (
				353E785F1F68512E00E083FF /* Base */,
			);
			name = Main.storyboard;
			sourceTree = "<group>";
		};
		353E78631F68512E00E083FF /* LaunchScreen.storyboard */ = {
			isa = PBXVariantGroup;
			children = (
				353E78641F68512E00E083FF /* Base */,
			);
			name = LaunchScreen.storyboard;
			sourceTree = "<group>";
		};
/* End PBXVariantGroup section */

/* Begin XCBuildConfiguration section */
		353E78671F68512E00E083FF /* Debug */ = {
			isa = XCBuildConfiguration;
			buildSettings = {
				ALWAYS_SEARCH_USER_PATHS = NO;
				CLANG_ANALYZER_NONNULL = YES;
				CLANG_ANALYZER_NUMBER_OBJECT_CONVERSION = YES_AGGRESSIVE;
				CLANG_CXX_LANGUAGE_STANDARD = "gnu++0x";
				CLANG_CXX_LIBRARY = "libc++";
				CLANG_ENABLE_MODULES = YES;
				CLANG_ENABLE_OBJC_ARC = YES;
				CLANG_WARN_BOOL_CONVERSION = YES;
				CLANG_WARN_CONSTANT_CONVERSION = YES;
				CLANG_WARN_DIRECT_OBJC_ISA_USAGE = YES_ERROR;
				CLANG_WARN_DOCUMENTATION_COMMENTS = YES;
				CLANG_WARN_EMPTY_BODY = YES;
				CLANG_WARN_ENUM_CONVERSION = YES;
				CLANG_WARN_INFINITE_RECURSION = YES;
				CLANG_WARN_INT_CONVERSION = YES;
				CLANG_WARN_OBJC_ROOT_CLASS = YES_ERROR;
				CLANG_WARN_SUSPICIOUS_MOVE = YES;
				CLANG_WARN_UNREACHABLE_CODE = YES;
				CLANG_WARN__DUPLICATE_METHOD_MATCH = YES;
				"CODE_SIGN_IDENTITY[sdk=iphoneos*]" = "iPhone Developer";
				COPY_PHASE_STRIP = NO;
				DEBUG_INFORMATION_FORMAT = dwarf;
				ENABLE_STRICT_OBJC_MSGSEND = YES;
				ENABLE_TESTABILITY = YES;
				GCC_C_LANGUAGE_STANDARD = gnu99;
				GCC_DYNAMIC_NO_PIC = NO;
				GCC_NO_COMMON_BLOCKS = YES;
				GCC_OPTIMIZATION_LEVEL = 0;
				GCC_PREPROCESSOR_DEFINITIONS = (
					"DEBUG=1",
					"$(inherited)",
				);
				GCC_WARN_64_TO_32_BIT_CONVERSION = YES;
				GCC_WARN_ABOUT_RETURN_TYPE = YES_ERROR;
				GCC_WARN_UNDECLARED_SELECTOR = YES;
				GCC_WARN_UNINITIALIZED_AUTOS = YES_AGGRESSIVE;
				GCC_WARN_UNUSED_FUNCTION = YES;
				GCC_WARN_UNUSED_VARIABLE = YES;
				IPHONEOS_DEPLOYMENT_TARGET = 9.0;
				MTL_ENABLE_DEBUG_INFO = YES;
				ONLY_ACTIVE_ARCH = YES;
				SDKROOT = iphoneos;
			};
			name = Debug;
		};
		353E78681F68512E00E083FF /* Release */ = {
			isa = XCBuildConfiguration;
			buildSettings = {
				ALWAYS_SEARCH_USER_PATHS = NO;
				CLANG_ANALYZER_NONNULL = YES;
				CLANG_ANALYZER_NUMBER_OBJECT_CONVERSION = YES_AGGRESSIVE;
				CLANG_CXX_LANGUAGE_STANDARD = "gnu++0x";
				CLANG_CXX_LIBRARY = "libc++";
				CLANG_ENABLE_MODULES = YES;
				CLANG_ENABLE_OBJC_ARC = YES;
				CLANG_WARN_BOOL_CONVERSION = YES;
				CLANG_WARN_CONSTANT_CONVERSION = YES;
				CLANG_WARN_DIRECT_OBJC_ISA_USAGE = YES_ERROR;
				CLANG_WARN_DOCUMENTATION_COMMENTS = YES;
				CLANG_WARN_EMPTY_BODY = YES;
				CLANG_WARN_ENUM_CONVERSION = YES;
				CLANG_WARN_INFINITE_RECURSION = YES;
				CLANG_WARN_INT_CONVERSION = YES;
				CLANG_WARN_OBJC_ROOT_CLASS = YES_ERROR;
				CLANG_WARN_SUSPICIOUS_MOVE = YES;
				CLANG_WARN_UNREACHABLE_CODE = YES;
				CLANG_WARN__DUPLICATE_METHOD_MATCH = YES;
				"CODE_SIGN_IDENTITY[sdk=iphoneos*]" = "iPhone Developer";
				COPY_PHASE_STRIP = NO;
				DEBUG_INFORMATION_FORMAT = "dwarf-with-dsym";
				ENABLE_NS_ASSERTIONS = NO;
				ENABLE_STRICT_OBJC_MSGSEND = YES;
				GCC_C_LANGUAGE_STANDARD = gnu99;
				GCC_NO_COMMON_BLOCKS = YES;
				GCC_WARN_64_TO_32_BIT_CONVERSION = YES;
				GCC_WARN_ABOUT_RETURN_TYPE = YES_ERROR;
				GCC_WARN_UNDECLARED_SELECTOR = YES;
				GCC_WARN_UNINITIALIZED_AUTOS = YES_AGGRESSIVE;
				GCC_WARN_UNUSED_FUNCTION = YES;
				GCC_WARN_UNUSED_VARIABLE = YES;
				IPHONEOS_DEPLOYMENT_TARGET = 9.0;
				MTL_ENABLE_DEBUG_INFO = NO;
				SDKROOT = iphoneos;
				VALIDATE_PRODUCT = YES;
			};
			name = Release;
		};
		353E786A1F68512E00E083FF /* Debug */ = {
			isa = XCBuildConfiguration;
			buildSettings = {
				ASSETCATALOG_COMPILER_APPICON_NAME = AppIcon;
				DEVELOPMENT_TEAM = XU7RZ44HV2;
				INFOPLIST_FILE = OCInteractionJSDemo/Info.plist;
				IPHONEOS_DEPLOYMENT_TARGET = 9.0;
				LD_RUNPATH_SEARCH_PATHS = "$(inherited) @executable_path/Frameworks";
				PRODUCT_BUNDLE_IDENTIFIER = com.cattsoft.demo.OCInteractionJSDemo;
				PRODUCT_NAME = "$(TARGET_NAME)";
			};
			name = Debug;
		};
		353E786B1F68512E00E083FF /* Release */ = {
			isa = XCBuildConfiguration;
			buildSettings = {
				ASSETCATALOG_COMPILER_APPICON_NAME = AppIcon;
				DEVELOPMENT_TEAM = XU7RZ44HV2;
				INFOPLIST_FILE = OCInteractionJSDemo/Info.plist;
				IPHONEOS_DEPLOYMENT_TARGET = 9.0;
				LD_RUNPATH_SEARCH_PATHS = "$(inherited) @executable_path/Frameworks";
				PRODUCT_BUNDLE_IDENTIFIER = com.cattsoft.demo.OCInteractionJSDemo;
				PRODUCT_NAME = "$(TARGET_NAME)";
			};
			name = Release;
		};
/* End XCBuildConfiguration section */

/* Begin XCConfigurationList section */
		353E784D1F68512E00E083FF /* Build configuration list for PBXProject "OCInteractionJSDemo" */ = {
			isa = XCConfigurationList;
			buildConfigurations = (
				353E78671F68512E00E083FF /* Debug */,
				353E78681F68512E00E083FF /* Release */,
			);
			defaultConfigurationIsVisible = 0;
			defaultConfigurationName = Release;
		};
		353E78691F68512E00E083FF /* Build configuration list for PBXNativeTarget "OCInteractionJSDemo" */ = {
			isa = XCConfigurationList;
			buildConfigurations = (
				353E786A1F68512E00E083FF /* Debug */,
				353E786B1F68512E00E083FF /* Release */,
			);
			defaultConfigurationIsVisible = 0;
			defaultConfigurationName = Release;
		};
/* End XCConfigurationList section */
	};
	rootObject = 353E784A1F68512E00E083FF /* Project object */;
}
